{
  "originHash" : "b3bd415a40d9c828d60371a244a9fc992417c5bf32fd988843e9c1723ff6331f",
  "pins" : [
    {
      "identity" : "espeakngswift",
      "kind" : "remoteSourceControl",
      "location" : "https://github.com/Oddadmix/eSpeakNGSwift",
      "state" : {
        "revision" : "eaa27b265f4115d67c0f985eb4cf3c2fef0032ee",
        "version" : "1.0.3"
      }
    },
    {
      "identity" : "mlx-swift",
      "kind" : "remoteSourceControl",
      "location" : "https://github.com/ml-explore/mlx-swift",
      "state" : {
        "revision" : "0bb916c67f4b9e5c682cbe02a42c701c93ab5021",
        "version" : "0.31.6"
      }
    },
    {
      "identity" : "mlxutilslibrary",
      "kind" : "remoteSourceControl",
      "location" : "https://github.com/mlalma/MLXUtilsLibrary.git",
      "state" : {
        "revision" : "41f6cfd5d68b65aa3c65a34efe3b71c371ed915b",
        "version" : "0.0.6"
      }
    },
    {
      "identity" : "swift-argument-parser",
      "kind" : "remoteSourceControl",
      "location" : "https://github.com/apple/swift-argument-parser",
      "state" : {
        "revision" : "6a52f3251125d74daf04fcbd5e6f08a75d074382",
        "version" : "1.8.2"
      }
    },
    {
      "identity" : "swift-numerics",
      "kind" : "remoteSourceControl",
      "location" : "https://github.com/apple/swift-numerics",
      "state" : {
        "revision" : "0c0290ff6b24942dadb83a929ffaaa1481df04a2",
        "version" : "1.1.1"
      }
    },
    {
      "identity" : "zipfoundation",
      "kind" : "remoteSourceControl",
      "location" : "https://github.com/weichsel/ZIPFoundation.git",
      "state" : {
        "revision" : "22787ffb59de99e5dc1fbfe80b19c97a904ad48d",
        "version" : "0.9.20"
      }
    }
  ],
  "version" : 3
}
